// !$*UTF8*$!
{
	archiveVersion = 1;
	classes = {
	};
	objectVersion = 50;
	objects = {

/* Begin PBXBuildFile section */
		BEAC2384B2F7F482F86DCF5B /* Pods_DYQiniuUpload.framework in Frameworks */ = {isa = PBXBuildFile; fileRef = 1058975C3D180CD05BD9A373 /* Pods_DYQiniuUpload.framework */; };
		CD6C3597E84F65B9E15E37FF /* Pods_DYQiniuUploadExample.framework in Frameworks */ = {isa = PBXBuildFile; fileRef = FF993B9613D8DEDFA05657BD /* Pods_DYQiniuUploadExample.framework */; };
		D2B40D93225DBD2900932079 /* AppDelegate.swift in Sources */ = {isa = PBXBuildFile; fileRef = D2B40D92225DBD2900932079 /* AppDelegate.swift */; };
		D2B40D95225DBD2900932079 /* ViewController.swift in Sources */ = {isa = PBXBuildFile; fileRef = D2B40D94225DBD2900932079 /* ViewController.swift */; };
		D2B40D98225DBD2900932079 /* Main.storyboard in Resources */ = {isa = PBXBuildFile; fileRef = D2B40D96225DBD2900932079 /* Main.storyboard */; };
		D2B40D9A225DBD2A00932079 /* Assets.xcassets in Resources */ = {isa = PBXBuildFile; fileRef = D2B40D99225DBD2A00932079 /* Assets.xcassets */; };
		D2B40D9D225DBD2A00932079 /* LaunchScreen.storyboard in Resources */ = {isa = PBXBuildFile; fileRef = D2B40D9B225DBD2A00932079 /* LaunchScreen.storyboard */; };
		D2B40DAD225DBD4D00932079 /* DYQiniuUpload.h in Headers */ = {isa = PBXBuildFile; fileRef = D2B40DAB225DBD4D00932079 /* DYQiniuUpload.h */; settings = {ATTRIBUTES = (Public, ); }; };
		D2B40DB0225DBD4D00932079 /* DYQiniuUpload.framework in Frameworks */ = {isa = PBXBuildFile; fileRef = D2B40DA9225DBD4C00932079 /* DYQiniuUpload.framework */; };
		D2B40DB1225DBD4D00932079 /* DYQiniuUpload.framework in Embed Frameworks */ = {isa = PBXBuildFile; fileRef = D2B40DA9225DBD4C00932079 /* DYQiniuUpload.framework */; settings = {ATTRIBUTES = (CodeSignOnCopy, RemoveHeadersOnCopy, ); }; };
		D2B40DBA225DBE2200932079 /* DYQiniuUploadTool.h in Headers */ = {isa = PBXBuildFile; fileRef = D2B40DB8225DBE2200932079 /* DYQiniuUploadTool.h */; settings = {ATTRIBUTES = (Public, ); }; };
		D2B40DBB225DBE2200932079 /* DYQiniuUploadTool.m in Sources */ = {isa = PBXBuildFile; fileRef = D2B40DB9225DBE2200932079 /* DYQiniuUploadTool.m */; };
/* End PBXBuildFile section */

/* Begin PBXContainerItemProxy section */
		D2B40DAE225DBD4D00932079 /* PBXContainerItemProxy */ = {
			isa = PBXContainerItemProxy;
			containerPortal = D2B40D87225DBD2900932079 /* Project object */;
			proxyType = 1;
			remoteGlobalIDString = D2B40DA8225DBD4C00932079;
			remoteInfo = DYQiniuUpload;
		};
/* End PBXContainerItemProxy section */

/* Begin PBXCopyFilesBuildPhase section */
		D2B40DB5225DBD4D00932079 /* Embed Frameworks */ = {
			isa = PBXCopyFilesBuildPhase;
			buildActionMask = 2147483647;
			dstPath = "";
			dstSubfolderSpec = 10;
			files = (
				D2B40DB1225DBD4D00932079 /* DYQiniuUpload.framework in Embed Frameworks */,
			);
			name = "Embed Frameworks";
			runOnlyForDeploymentPostprocessing = 0;
		};
/* End PBXCopyFilesBuildPhase section */

/* Begin PBXFileReference section */
		1058975C3D180CD05BD9A373 /* Pods_DYQiniuUpload.framework */ = {isa = PBXFileReference; explicitFileType = wrapper.framework; includeInIndex = 0; path = Pods_DYQiniuUpload.framework; sourceTree = BUILT_PRODUCTS_DIR; };
		3E670BF143157A8EE6F54CEC /* Pods-DYQiniuUpload.debug.xcconfig */ = {isa = PBXFileReference; includeInIndex = 1; lastKnownFileType = text.xcconfig; name = "Pods-DYQiniuUpload.debug.xcconfig"; path = "Target Support Files/Pods-DYQiniuUpload/Pods-DYQiniuUpload.debug.xcconfig"; sourceTree = "<group>"; };
		8D0746F2373B97A430EF9FE1 /* Pods-DYQiniuUpload.release.xcconfig */ = {isa = PBXFileReference; includeInIndex = 1; lastKnownFileType = text.xcconfig; name = "Pods-DYQiniuUpload.release.xcconfig"; path = "Target Support Files/Pods-DYQiniuUpload/Pods-DYQiniuUpload.release.xcconfig"; sourceTree = "<group>"; };
		D11064EB5680EB859F1960FE /* Pods-DYQiniuUploadExample.release.xcconfig */ = {isa = PBXFileReference; includeInIndex = 1; lastKnownFileType = text.xcconfig; name = "Pods-DYQiniuUploadExample.release.xcconfig"; path = "Target Support Files/Pods-DYQiniuUploadExample/Pods-DYQiniuUploadExample.release.xcconfig"; sourceTree = "<group>"; };
		D2B40D8F225DBD2900932079 /* DYQiniuUploadExample.app */ = {isa = PBXFileReference; explicitFileType = wrapper.application; includeInIndex = 0; path = DYQiniuUploadExample.app; sourceTree = BUILT_PRODUCTS_DIR; };
		D2B40D92225DBD2900932079 /* AppDelegate.swift */ = {isa = PBXFileReference; lastKnownFileType = sourcecode.swift; path = AppDelegate.swift; sourceTree = "<group>"; };
		D2B40D94225DBD2900932079 /* ViewController.swift */ = {isa = PBXFileReference; lastKnownFileType = sourcecode.swift; path = ViewController.swift; sourceTree = "<group>"; };
		D2B40D97225DBD2900932079 /* Base */ = {isa = PBXFileReference; lastKnownFileType = file.storyboard; name = Base; path = Base.lproj/Main.storyboard; sourceTree = "<group>"; };
		D2B40D99225DBD2A00932079 /* Assets.xcassets */ = {isa = PBXFileReference; lastKnownFileType = folder.assetcatalog; path = Assets.xcassets; sourceTree = "<group>"; };
		D2B40D9C225DBD2A00932079 /* Base */ = {isa = PBXFileReference; lastKnownFileType = file.storyboard; name = Base; path = Base.lproj/LaunchScreen.storyboard; sourceTree = "<group>"; };
		D2B40D9E225DBD2A00932079 /* Info.plist */ = {isa = PBXFileReference; lastKnownFileType = text.plist.xml; path = Info.plist; sourceTree = "<group>"; };
		D2B40DA9225DBD4C00932079 /* DYQiniuUpload.framework */ = {isa = PBXFileReference; explicitFileType = wrapper.framework; includeInIndex = 0; path = DYQiniuUpload.framework; sourceTree = BUILT_PRODUCTS_DIR; };
		D2B40DAB225DBD4D00932079 /* DYQiniuUpload.h */ = {isa = PBXFileReference; lastKnownFileType = sourcecode.c.h; path = DYQiniuUpload.h; sourceTree = "<group>"; };
		D2B40DAC225DBD4D00932079 /* Info.plist */ = {isa = PBXFileReference; lastKnownFileType = text.plist.xml; path = Info.plist; sourceTree = "<group>"; };
		D2B40DB8225DBE2200932079 /* DYQiniuUploadTool.h */ = {isa = PBXFileReference; lastKnownFileType = sourcecode.c.h; path = DYQiniuUploadTool.h; sourceTree = "<group>"; };
		D2B40DB9225DBE2200932079 /* DYQiniuUploadTool.m */ = {isa = PBXFileReference; lastKnownFileType = sourcecode.c.objc; path = DYQiniuUploadTool.m; sourceTree = "<group>"; };
		D717340E3A77481BA06B7D97 /* Pods-DYQiniuUploadExample.debug.xcconfig */ = {isa = PBXFileReference; includeInIndex = 1; lastKnownFileType = text.xcconfig; name = "Pods-DYQiniuUploadExample.debug.xcconfig"; path = "Target Support Files/Pods-DYQiniuUploadExample/Pods-DYQiniuUploadExample.debug.xcconfig"; sourceTree = "<group>"; };
		FF993B9613D8DEDFA05657BD /* Pods_DYQiniuUploadExample.framework */ = {isa = PBXFileReference; explicitFileType = wrapper.framework; includeInIndex = 0; path = Pods_DYQiniuUploadExample.framework; sourceTree = BUILT_PRODUCTS_DIR; };
/* End PBXFileReference section */

/* Begin PBXFrameworksBuildPhase section */
		D2B40D8C225DBD2900932079 /* Frameworks */ = {
			isa = PBXFrameworksBuildPhase;
			buildActionMask = 2147483647;
			files = (
				D2B40DB0225DBD4D00932079 /* DYQiniuUpload.framework in Frameworks */,
				CD6C3597E84F65B9E15E37FF /* Pods_DYQiniuUploadExample.framework in Frameworks */,
			);
			runOnlyForDeploymentPostprocessing = 0;
		};
		D2B40DA6225DBD4C00932079 /* Frameworks */ = {
			isa = PBXFrameworksBuildPhase;
			buildActionMask = 2147483647;
			files = (
				BEAC2384B2F7F482F86DCF5B /* Pods_DYQiniuUpload.framework in Frameworks */,
			);
			runOnlyForDeploymentPostprocessing = 0;
		};
/* End PBXFrameworksBuildPhase section */

/* Begin PBXGroup section */
		3FB5BFDB1CE75D04C48D5161 /* Pods */ = {
			isa = PBXGroup;
			children = (
				3E670BF143157A8EE6F54CEC /* Pods-DYQiniuUpload.debug.xcconfig */,
				8D0746F2373B97A430EF9FE1 /* Pods-DYQiniuUpload.release.xcconfig */,
				D717340E3A77481BA06B7D97 /* Pods-DYQiniuUploadExample.debug.xcconfig */,
				D11064EB5680EB859F1960FE /* Pods-DYQiniuUploadExample.release.xcconfig */,
			);
			path = Pods;
			sourceTree = "<group>";
		};
		5475502C99B1143D62AEF656 /* Frameworks */ = {
			isa = PBXGroup;
			children = (
				1058975C3D180CD05BD9A373 /* Pods_DYQiniuUpload.framework */,
				FF993B9613D8DEDFA05657BD /* Pods_DYQiniuUploadExample.framework */,
			);
			name = Frameworks;
			sourceTree = "<group>";
		};
		D2B40D86225DBD2900932079 = {
			isa = PBXGroup;
			children = (
				D2B40D91225DBD2900932079 /* DYQiniuUploadExample */,
				D2B40DAA225DBD4D00932079 /* DYQiniuUpload */,
				D2B40D90225DBD2900932079 /* Products */,
				3FB5BFDB1CE75D04C48D5161 /* Pods */,
				5475502C99B1143D62AEF656 /* Frameworks */,
			);
			sourceTree = "<group>";
		};
		D2B40D90225DBD2900932079 /* Products */ = {
			isa = PBXGroup;
			children = (
				D2B40D8F225DBD2900932079 /* DYQiniuUploadExample.app */,
				D2B40DA9225DBD4C00932079 /* DYQiniuUpload.framework */,
			);
			name = Products;
			sourceTree = "<group>";
		};
		D2B40D91225DBD2900932079 /* DYQiniuUploadExample */ = {
			isa = PBXGroup;
			children = (
				D2B40D92225DBD2900932079 /* AppDelegate.swift */,
				D2B40D94225DBD2900932079 /* ViewController.swift */,
				D2B40D96225DBD2900932079 /* Main.storyboard */,
				D2B40D99225DBD2A00932079 /* Assets.xcassets */,
				D2B40D9B225DBD2A00932079 /* LaunchScreen.storyboard */,
				D2B40D9E225DBD2A00932079 /* Info.plist */,
			);
			path = DYQiniuUploadExample;
			sourceTree = "<group>";
		};
		D2B40DAA225DBD4D00932079 /* DYQiniuUpload */ = {
			isa = PBXGroup;
			children = (
				D2B40DAB225DBD4D00932079 /* DYQiniuUpload.h */,
				D2B40DB8225DBE2200932079 /* DYQiniuUploadTool.h */,
				D2B40DB9225DBE2200932079 /* DYQiniuUploadTool.m */,
				D2B40DAC225DBD4D00932079 /* Info.plist */,
			);
			path = DYQiniuUpload;
			sourceTree = "<group>";
		};
/* End PBXGroup section */

/* Begin PBXHeadersBuildPhase section */
		D2B40DA4225DBD4C00932079 /* Headers */ = {
			isa = PBXHeadersBuildPhase;
			buildActionMask = 2147483647;
			files = (
				D2B40DAD225DBD4D00932079 /* DYQiniuUpload.h in Headers */,
				D2B40DBA225DBE2200932079 /* DYQiniuUploadTool.h in Headers */,
			);
			runOnlyForDeploymentPostprocessing = 0;
		};
/* End PBXHeadersBuildPhase section */

/* Begin PBXNativeTarget section */
		D2B40D8E225DBD2900932079 /* DYQiniuUploadExample */ = {
			isa = PBXNativeTarget;
			buildConfigurationList = D2B40DA1225DBD2A00932079 /* Build configuration list for PBXNativeTarget "DYQiniuUploadExample" */;
			buildPhases = (
				A9F50C10144F1A36476FE9A8 /* [CP] Check Pods Manifest.lock */,
				D2B40D8B225DBD2900932079 /* Sources */,
				D2B40D8C225DBD2900932079 /* Frameworks */,
				D2B40D8D225DBD2900932079 /* Resources */,
				D2B40DB5225DBD4D00932079 /* Embed Frameworks */,
				4D9319175BD9EEC261A1AC4F /* [CP] Embed Pods Frameworks */,
			);
			buildRules = (
			);
			dependencies = (
				D2B40DAF225DBD4D00932079 /* PBXTargetDependency */,
			);
			name = DYQiniuUploadExample;
			productName = DYQiniuUploadExample;
			productReference = D2B40D8F225DBD2900932079 /* DYQiniuUploadExample.app */;
			productType = "com.apple.product-type.application";
		};
		D2B40DA8225DBD4C00932079 /* DYQiniuUpload */ = {
			isa = PBXNativeTarget;
			buildConfigurationList = D2B40DB4225DBD4D00932079 /* Build configuration list for PBXNativeTarget "DYQiniuUpload" */;
			buildPhases = (
				D837DD40654C0F422E8DF567 /* [CP] Check Pods Manifest.lock */,
				D2B40DA4225DBD4C00932079 /* Headers */,
				D2B40DA5225DBD4C00932079 /* Sources */,
				D2B40DA6225DBD4C00932079 /* Frameworks */,
				D2B40DA7225DBD4C00932079 /* Resources */,
			);
			buildRules = (
			);
			dependencies = (
			);
			name = DYQiniuUpload;
			productName = DYQiniuUpload;
			productReference = D2B40DA9225DBD4C00932079 /* DYQiniuUpload.framework */;
			productType = "com.apple.product-type.framework";
		};
/* End PBXNativeTarget section */

/* Begin PBXProject section */
		D2B40D87225DBD2900932079 /* Project object */ = {
			isa = PBXProject;
			attributes = {
				LastSwiftUpdateCheck = 1020;
				LastUpgradeCheck = 1020;
				ORGANIZATIONNAME = donyau;
				TargetAttributes = {
					D2B40D8E225DBD2900932079 = {
						CreatedOnToolsVersion = 10.2;
					};
					D2B40DA8225DBD4C00932079 = {
						CreatedOnToolsVersion = 10.2;
					};
				};
			};
			buildConfigurationList = D2B40D8A225DBD2900932079 /* Build configuration list for PBXProject "DYQiniuUploadExample" */;
			compatibilityVersion = "Xcode 9.3";
			developmentRegion = en;
			hasScannedForEncodings = 0;
			knownRegions = (
				en,
				Base,
			);
			mainGroup = D2B40D86225DBD2900932079;
			productRefGroup = D2B40D90225DBD2900932079 /* Products */;
			projectDirPath = "";
			projectRoot = "";
			targets = (
				D2B40D8E225DBD2900932079 /* DYQiniuUploadExample */,
				D2B40DA8225DBD4C00932079 /* DYQiniuUpload */,
			);
		};
/* End PBXProject section */

/* Begin PBXResourcesBuildPhase section */
		D2B40D8D225DBD2900932079 /* Resources */ = {
			isa = PBXResourcesBuildPhase;
			buildActionMask = 2147483647;
			files = (
				D2B40D9D225DBD2A00932079 /* LaunchScreen.storyboard in Resources */,
				D2B40D9A225DBD2A00932079 /* Assets.xcassets in Resources */,
				D2B40D98225DBD2900932079 /* Main.storyboard in Resources */,
			);
			runOnlyForDeploymentPostprocessing = 0;
		};
		D2B40DA7225DBD4C00932079 /* Resources */ = {
			isa = PBXResourcesBuildPhase;
			buildActionMask = 2147483647;
			files = (
			);
			runOnlyForDeploymentPostprocessing = 0;
		};
/* End PBXResourcesBuildPhase section */

/* Begin PBXShellScriptBuildPhase section */
		4D9319175BD9EEC261A1AC4F /* [CP] Embed Pods Frameworks */ = {
			isa = PBXShellScriptBuildPhase;
			buildActionMask = 2147483647;
			files = (
			);
			inputFileListPaths = (
			);
			inputPaths = (
				"${PODS_ROOT}/Target Support Files/Pods-DYQiniuUploadExample/Pods-DYQiniuUploadExample-frameworks.sh",
				"${BUILT_PRODUCTS_DIR}/HappyDNS/HappyDNS.framework",
				"${BUILT_PRODUCTS_DIR}/Qiniu/Qiniu.framework",
				"${BUILT_PRODUCTS_DIR}/SSZipArchive/SSZipArchive.framework",
			);
			name = "[CP] Embed Pods Frameworks";
			outputFileListPaths = (
			);
			outputPaths = (
				"${TARGET_BUILD_DIR}/${FRAMEWORKS_FOLDER_PATH}/HappyDNS.framework",
				"${TARGET_BUILD_DIR}/${FRAMEWORKS_FOLDER_PATH}/Qiniu.framework",
				"${TARGET_BUILD_DIR}/${FRAMEWORKS_FOLDER_PATH}/SSZipArchive.framework",
			);
			runOnlyForDeploymentPostprocessing = 0;
			shellPath = /bin/sh;
			shellScript = "\"${PODS_ROOT}/Target Support Files/Pods-DYQiniuUploadExample/Pods-DYQiniuUploadExample-frameworks.sh\"\n";
			showEnvVarsInLog = 0;
		};
		A9F50C10144F1A36476FE9A8 /* [CP] Check Pods Manifest.lock */ = {
			isa = PBXShellScriptBuildPhase;
			buildActionMask = 2147483647;
			files = (
			);
			inputFileListPaths = (
			);
			inputPaths = (
				"${PODS_PODFILE_DIR_PATH}/Podfile.lock",
				"${PODS_ROOT}/Manifest.lock",
			);
			name = "[CP] Check Pods Manifest.lock";
			outputFileListPaths = (
			);
			outputPaths = (
				"$(DERIVED_FILE_DIR)/Pods-DYQiniuUploadExample-checkManifestLockResult.txt",
			);
			runOnlyForDeploymentPostprocessing = 0;
			shellPath = /bin/sh;
			shellScript = "diff \"${PODS_PODFILE_DIR_PATH}/Podfile.lock\" \"${PODS_ROOT}/Manifest.lock\" > /dev/null\nif [ $? != 0 ] ; then\n    # print error to STDERR\n    echo \"error: The sandbox is not in sync with the Podfile.lock. Run 'pod install' or update your CocoaPods installation.\" >&2\n    exit 1\nfi\n# This output is used by Xcode 'outputs' to avoid re-running this script phase.\necho \"SUCCESS\" > \"${SCRIPT_OUTPUT_FILE_0}\"\n";
			showEnvVarsInLog = 0;
		};
		D837DD40654C0F422E8DF567 /* [CP] Check Pods Manifest.lock */ = {
			isa = PBXShellScriptBuildPhase;
			buildActionMask = 2147483647;
			files = (
			);
			inputFileListPaths = (
			);
			inputPaths = (
				"${PODS_PODFILE_DIR_PATH}/Podfile.lock",
				"${PODS_ROOT}/Manifest.lock",
			);
			name = "[CP] Check Pods Manifest.lock";
			outputFileListPaths = (
			);
			outputPaths = (
				"$(DERIVED_FILE_DIR)/Pods-DYQiniuUpload-checkManifestLockResult.txt",
			);
			runOnlyForDeploymentPostprocessing = 0;
			shellPath = /bin/sh;
			shellScript = "diff \"${PODS_PODFILE_DIR_PATH}/Podfile.lock\" \"${PODS_ROOT}/Manifest.lock\" > /dev/null\nif [ $? != 0 ] ; then\n    # print error to STDERR\n    echo \"error: The sandbox is not in sync with the Podfile.lock. Run 'pod install' or update your CocoaPods installation.\" >&2\n    exit 1\nfi\n# This output is used by Xcode 'outputs' to avoid re-running this script phase.\necho \"SUCCESS\" > \"${SCRIPT_OUTPUT_FILE_0}\"\n";
			showEnvVarsInLog = 0;
		};
/* End PBXShellScriptBuildPhase section */

/* Begin PBXSourcesBuildPhase section */
		D2B40D8B225DBD2900932079 /* Sources */ = {
			isa = PBXSourcesBuildPhase;
			buildActionMask = 2147483647;
			files = (
				D2B40D95225DBD2900932079 /* ViewController.swift in Sources */,
				D2B40D93225DBD2900932079 /* AppDelegate.swift in Sources */,
			);
			runOnlyForDeploymentPostprocessing = 0;
		};
		D2B40DA5225DBD4C00932079 /* Sources */ = {
			isa = PBXSourcesBuildPhase;
			buildActionMask = 2147483647;
			files = (
				D2B40DBB225DBE2200932079 /* DYQiniuUploadTool.m in Sources */,
			);
			runOnlyForDeploymentPostprocessing = 0;
		};
/* End PBXSourcesBuildPhase section */

/* Begin PBXTargetDependency section */
		D2B40DAF225DBD4D00932079 /* PBXTargetDependency */ = {
			isa = PBXTargetDependency;
			target = D2B40DA8225DBD4C00932079 /* DYQiniuUpload */;
			targetProxy = D2B40DAE225DBD4D00932079 /* PBXContainerItemProxy */;
		};
/* End PBXTargetDependency section */

/* Begin PBXVariantGroup section */
		D2B40D96225DBD2900932079 /* Main.storyboard */ = {
			isa = PBXVariantGroup;
			children = (
				D2B40D97225DBD2900932079 /* Base */,
			);
			name = Main.storyboard;
			sourceTree = "<group>";
		};
		D2B40D9B225DBD2A00932079 /* LaunchScreen.storyboard */ = {
			isa = PBXVariantGroup;
			children = (
				D2B40D9C225DBD2A00932079 /* Base */,
			);
			name = LaunchScreen.storyboard;
			sourceTree = "<group>";
		};
/* End PBXVariantGroup section */

/* Begin XCBuildConfiguration section */
		D2B40D9F225DBD2A00932079 /* Debug */ = {
			isa = XCBuildConfiguration;
			buildSettings = {
				ALWAYS_SEARCH_USER_PATHS = NO;
				CLANG_ANALYZER_NONNULL = YES;
				CLANG_ANALYZER_NUMBER_OBJECT_CONVERSION = YES_AGGRESSIVE;
				CLANG_CXX_LANGUAGE_STANDARD = "gnu++14";
				CLANG_CXX_LIBRARY = "libc++";
				CLANG_ENABLE_MODULES = YES;
				CLANG_ENABLE_OBJC_ARC = YES;
				CLANG_ENABLE_OBJC_WEAK = YES;
				CLANG_WARN_BLOCK_CAPTURE_AUTORELEASING = YES;
				CLANG_WARN_BOOL_CONVERSION = YES;
				CLANG_WARN_COMMA = YES;
				CLANG_WARN_CONSTANT_CONVERSION = YES;
				CLANG_WARN_DEPRECATED_OBJC_IMPLEMENTATIONS = YES;
				CLANG_WARN_DIRECT_OBJC_ISA_USAGE = YES_ERROR;
				CLANG_WARN_DOCUMENTATION_COMMENTS = YES;
				CLANG_WARN_EMPTY_BODY = YES;
				CLANG_WARN_ENUM_CONVERSION = YES;
				CLANG_WARN_INFINITE_RECURSION = YES;
				CLANG_WARN_INT_CONVERSION = YES;
				CLANG_WARN_NON_LITERAL_NULL_CONVERSION = YES;
				CLANG_WARN_OBJC_IMPLICIT_RETAIN_SELF = YES;
				CLANG_WARN_OBJC_LITERAL_CONVERSION = YES;
				CLANG_WARN_OBJC_ROOT_CLASS = YES_ERROR;
				CLANG_WARN_RANGE_LOOP_ANALYSIS = YES;
				CLANG_WARN_STRICT_PROTOTYPES = YES;
				CLANG_WARN_SUSPICIOUS_MOVE = YES;
				CLANG_WARN_UNGUARDED_AVAILABILITY = YES_AGGRESSIVE;
				CLANG_WARN_UNREACHABLE_CODE = YES;
				CLANG_WARN__DUPLICATE_METHOD_MATCH = YES;
				CODE_SIGN_IDENTITY = "iPhone Developer";
				COPY_PHASE_STRIP = NO;
				DEBUG_INFORMATION_FORMAT = dwarf;
				ENABLE_STRICT_OBJC_MSGSEND = YES;
				ENABLE_TESTABILITY = YES;
				GCC_C_LANGUAGE_STANDARD = gnu11;
				GCC_DYNAMIC_NO_PIC = NO;
				GCC_NO_COMMON_BLOCKS = YES;
				GCC_OPTIMIZATION_LEVEL = 0;
				GCC_PREPROCESSOR_DEFINITIONS = (
					"DEBUG=1",
					"$(inherited)",
				);
				GCC_WARN_64_TO_32_BIT_CONVERSION = YES;
				GCC_WARN_ABOUT_RETURN_TYPE = YES_ERROR;
				GCC_WARN_UNDECLARED_SELECTOR = YES;
				GCC_WARN_UNINITIALIZED_AUTOS = YES_AGGRESSIVE;
				GCC_WARN_UNUSED_FUNCTION = YES;
				GCC_WARN_UNUSED_VARIABLE = YES;
				IPHONEOS_DEPLOYMENT_TARGET = 12.2;
				MTL_ENABLE_DEBUG_INFO = INCLUDE_SOURCE;
				MTL_FAST_MATH = YES;
				ONLY_ACTIVE_ARCH = YES;
				SDKROOT = iphoneos;
				SWIFT_ACTIVE_COMPILATION_CONDITIONS = DEBUG;
				SWIFT_OPTIMIZATION_LEVEL = "-Onone";
			};
			name = Debug;
		};
		D2B40DA0225DBD2A00932079 /* Release */ = {
			isa = XCBuildConfiguration;
			buildSettings = {
				ALWAYS_SEARCH_USER_PATHS = NO;
				CLANG_ANALYZER_NONNULL = YES;
				CLANG_ANALYZER_NUMBER_OBJECT_CONVERSION = YES_AGGRESSIVE;
				CLANG_CXX_LANGUAGE_STANDARD = "gnu++14";
				CLANG_CXX_LIBRARY = "libc++";
				CLANG_ENABLE_MODULES = YES;
				CLANG_ENABLE_OBJC_ARC = YES;
				CLANG_ENABLE_OBJC_WEAK = YES;
				CLANG_WARN_BLOCK_CAPTURE_AUTORELEASING = YES;
				CLANG_WARN_BOOL_CONVERSION = YES;
				CLANG_WARN_COMMA = YES;
				CLANG_WARN_CONSTANT_CONVERSION = YES;
				CLANG_WARN_DEPRECATED_OBJC_IMPLEMENTATIONS = YES;
				CLANG_WARN_DIRECT_OBJC_ISA_USAGE = YES_ERROR;
				CLANG_WARN_DOCUMENTATION_COMMENTS = YES;
				CLANG_WARN_EMPTY_BODY = YES;
				CLANG_WARN_ENUM_CONVERSION = YES;
				CLANG_WARN_INFINITE_RECURSION = YES;
				CLANG_WARN_INT_CONVERSION = YES;
				CLANG_WARN_NON_LITERAL_NULL_CONVERSION = YES;
				CLANG_WARN_OBJC_IMPLICIT_RETAIN_SELF = YES;
				CLANG_WARN_OBJC_LITERAL_CONVERSION = YES;
				CLANG_WARN_OBJC_ROOT_CLASS = YES_ERROR;
				CLANG_WARN_RANGE_LOOP_ANALYSIS = YES;
				CLANG_WARN_STRICT_PROTOTYPES = YES;
				CLANG_WARN_SUSPICIOUS_MOVE = YES;
				CLANG_WARN_UNGUARDED_AVAILABILITY = YES_AGGRESSIVE;
				CLANG_WARN_UNREACHABLE_CODE = YES;
				CLANG_WARN__DUPLICATE_METHOD_MATCH = YES;
				CODE_SIGN_IDENTITY = "iPhone Developer";
				COPY_PHASE_STRIP = NO;
				DEBUG_INFORMATION_FORMAT = "dwarf-with-dsym";
				ENABLE_NS_ASSERTIONS = NO;
				ENABLE_STRICT_OBJC_MSGSEND = YES;
				GCC_C_LANGUAGE_STANDARD = gnu11;
				GCC_NO_COMMON_BLOCKS = YES;
				GCC_WARN_64_TO_32_BIT_CONVERSION = YES;
				GCC_WARN_ABOUT_RETURN_TYPE = YES_ERROR;
				GCC_WARN_UNDECLARED_SELECTOR = YES;
				GCC_WARN_UNINITIALIZED_AUTOS = YES_AGGRESSIVE;
				GCC_WARN_UNUSED_FUNCTION = YES;
				GCC_WARN_UNUSED_VARIABLE = YES;
				IPHONEOS_DEPLOYMENT_TARGET = 12.2;
				MTL_ENABLE_DEBUG_INFO = NO;
				MTL_FAST_MATH = YES;
				SDKROOT = iphoneos;
				SWIFT_COMPILATION_MODE = wholemodule;
				SWIFT_OPTIMIZATION_LEVEL = "-O";
				VALIDATE_PRODUCT = YES;
			};
			name = Release;
		};
		D2B40DA2225DBD2A00932079 /* Debug */ = {
			isa = XCBuildConfiguration;
			baseConfigurationReference = D717340E3A77481BA06B7D97 /* Pods-DYQiniuUploadExample.debug.xcconfig */;
			buildSettings = {
				ASSETCATALOG_COMPILER_APPICON_NAME = AppIcon;
				CODE_SIGN_STYLE = Automatic;
				INFOPLIST_FILE = DYQiniuUploadExample/Info.plist;
				IPHONEOS_DEPLOYMENT_TARGET = 8.0;
				LD_RUNPATH_SEARCH_PATHS = (
					"$(inherited)",
					"@executable_path/Frameworks",
				);
				PRODUCT_BUNDLE_IDENTIFIER = donyau.DYQiniuUploadExample;
				PRODUCT_NAME = "$(TARGET_NAME)";
				SWIFT_VERSION = 5.0;
				TARGETED_DEVICE_FAMILY = "1,2";
			};
			name = Debug;
		};
		D2B40DA3225DBD2A00932079 /* Release */ = {
			isa = XCBuildConfiguration;
			baseConfigurationReference = D11064EB5680EB859F1960FE /* Pods-DYQiniuUploadExample.release.xcconfig */;
			buildSettings = {
				ASSETCATALOG_COMPILER_APPICON_NAME = AppIcon;
				CODE_SIGN_STYLE = Automatic;
				INFOPLIST_FILE = DYQiniuUploadExample/Info.plist;
				IPHONEOS_DEPLOYMENT_TARGET = 8.0;
				LD_RUNPATH_SEARCH_PATHS = (
					"$(inherited)",
					"@executable_path/Frameworks",
				);
				PRODUCT_BUNDLE_IDENTIFIER = donyau.DYQiniuUploadExample;
				PRODUCT_NAME = "$(TARGET_NAME)";
				SWIFT_VERSION = 5.0;
				TARGETED_DEVICE_FAMILY = "1,2";
			};
			name = Release;
		};
		D2B40DB2225DBD4D00932079 /* Debug */ = {
			isa = XCBuildConfiguration;
			baseConfigurationReference = 3E670BF143157A8EE6F54CEC /* Pods-DYQiniuUpload.debug.xcconfig */;
			buildSettings = {
				CODE_SIGN_IDENTITY = "";
				CODE_SIGN_STYLE = Automatic;
				CURRENT_PROJECT_VERSION = 1;
				DEFINES_MODULE = YES;
				DYLIB_COMPATIBILITY_VERSION = 1;
				DYLIB_CURRENT_VERSION = 1;
				DYLIB_INSTALL_NAME_BASE = "@rpath";
				INFOPLIST_FILE = DYQiniuUpload/Info.plist;
				INSTALL_PATH = "$(LOCAL_LIBRARY_DIR)/Frameworks";
				IPHONEOS_DEPLOYMENT_TARGET = 8.0;
				LD_RUNPATH_SEARCH_PATHS = (
					"$(inherited)",
					"@executable_path/Frameworks",
					"@loader_path/Frameworks",
				);
				MACH_O_TYPE = mh_dylib;
				PRODUCT_BUNDLE_IDENTIFIER = donyau.DYQiniuUpload;
				PRODUCT_NAME = "$(TARGET_NAME:c99extidentifier)";
				SKIP_INSTALL = YES;
				SWIFT_VERSION = 5.0;
				TARGETED_DEVICE_FAMILY = "1,2";
				VERSIONING_SYSTEM = "apple-generic";
				VERSION_INFO_PREFIX = "";
			};
			name = Debug;
		};
		D2B40DB3225DBD4D00932079 /* Release */ = {
			isa = XCBuildConfiguration;
			baseConfigurationReference = 8D0746F2373B97A430EF9FE1 /* Pods-DYQiniuUpload.release.xcconfig */;
			buildSettings = {
				CODE_SIGN_IDENTITY = "";
				CODE_SIGN_STYLE = Automatic;
				CURRENT_PROJECT_VERSION = 1;
				DEFINES_MODULE = YES;
				DYLIB_COMPATIBILITY_VERSION = 1;
				DYLIB_CURRENT_VERSION = 1;
				DYLIB_INSTALL_NAME_BASE = "@rpath";
				INFOPLIST_FILE = DYQiniuUpload/Info.plist;
				INSTALL_PATH = "$(LOCAL_LIBRARY_DIR)/Frameworks";
				IPHONEOS_DEPLOYMENT_TARGET = 8.0;
				LD_RUNPATH_SEARCH_PATHS = (
					"$(inherited)",
					"@executable_path/Frameworks",
					"@loader_path/Frameworks",
				);
				MACH_O_TYPE = mh_dylib;
				PRODUCT_BUNDLE_IDENTIFIER = donyau.DYQiniuUpload;
				PRODUCT_NAME = "$(TARGET_NAME:c99extidentifier)";
				SKIP_INSTALL = YES;
				SWIFT_VERSION = 5.0;
				TARGETED_DEVICE_FAMILY = "1,2";
				VERSIONING_SYSTEM = "apple-generic";
				VERSION_INFO_PREFIX = "";
			};
			name = Release;
		};
/* End XCBuildConfiguration section */

/* Begin XCConfigurationList section */
		D2B40D8A225DBD2900932079 /* Build configuration list for PBXProject "DYQiniuUploadExample" */ = {
			isa = XCConfigurationList;
			buildConfigurations = (
				D2B40D9F225DBD2A00932079 /* Debug */,
				D2B40DA0225DBD2A00932079 /* Release */,
			);
			defaultConfigurationIsVisible = 0;
			defaultConfigurationName = Release;
		};
		D2B40DA1225DBD2A00932079 /* Build configuration list for PBXNativeTarget "DYQiniuUploadExample" */ = {
			isa = XCConfigurationList;
			buildConfigurations = (
				D2B40DA2225DBD2A00932079 /* Debug */,
				D2B40DA3225DBD2A00932079 /* Release */,
			);
			defaultConfigurationIsVisible = 0;
			defaultConfigurationName = Release;
		};
		D2B40DB4225DBD4D00932079 /* Build configuration list for PBXNativeTarget "DYQiniuUpload" */ = {
			isa = XCConfigurationList;
			buildConfigurations = (
				D2B40DB2225DBD4D00932079 /* Debug */,
				D2B40DB3225DBD4D00932079 /* Release */,
			);
			defaultConfigurationIsVisible = 0;
			defaultConfigurationName = Release;
		};
/* End XCConfigurationList section */
	};
	rootObject = D2B40D87225DBD2900932079 /* Project object */;
}
